
Microsoft Visual Studio Solution File, Format Version 12.00
# Visual Studio 15
VisualStudioVersion = 15.0.28307.572
MinimumVisualStudioVersion = 10.0.40219.1
Project("{FAE04EC0-301F-11D3-BF4B-00C04F79EFBC}") = "Projects Manager.View", "Projects Manager\Projects Manager.View.csproj", "{0EBCECE3-D19E-4B86-AF89-A18BA5A57A5D}"
EndProject
Project("{FAE04EC0-301F-11D3-BF4B-00C04F79EFBC}") = "Projects Manager.BL", "Projects Manager.BL\Projects Manager.BL.csproj", "{4CFC35E5-8BFD-4EBC-BF51-FBF1D3C654C3}"
EndProject
Global
	GlobalSection(SolutionConfigurationPlatforms) = preSolution
		Debug|Any CPU = Debug|Any CPU
		Release|Any CPU = Release|Any CPU
	EndGlobalSection
	GlobalSection(ProjectConfigurationPlatforms) = postSolution
		{0EBCECE3-D19E-4B86-AF89-A18BA5A57A5D}.Debug|Any CPU.ActiveCfg = Debug|Any CPU
		{0EBCECE3-D19E-4B86-AF89-A18BA5A57A5D}.Debug|Any CPU.Build.0 = Debug|Any CPU
		{0EBCECE3-D19E-4B86-AF89-A18BA5A57A5D}.Release|Any CPU.ActiveCfg = Release|Any CPU
		{0EBCECE3-D19E-4B86-AF89-A18BA5A57A5D}.Release|Any CPU.Build.0 = Release|Any CPU
		{4CFC35E5-8BFD-4EBC-BF51-FBF1D3C654C3}.Debug|Any CPU.ActiveCfg = Debug|Any CPU
		{4CFC35E5-8BFD-4EBC-BF51-FBF1D3C654C3}.Debug|Any CPU.Build.0 = Debug|Any CPU
		{4CFC35E5-8BFD-4EBC-BF51-FBF1D3C654C3}.Release|Any CPU.ActiveCfg = Release|Any CPU
		{4CFC35E5-8BFD-4EBC-BF51-FBF1D3C654C3}.Release|Any CPU.Build.0 = Release|Any CPU
	EndGlobalSection
	GlobalSection(SolutionProperties) = preSolution
		HideSolutionNode = FALSE
	EndGlobalSection
	GlobalSection(ExtensibilityGlobals) = postSolution
		SolutionGuid = {03CFA714-4805-4B7A-A0BF-3C337622A7CC}
	EndGlobalSection
EndGlobal
